// !$*UTF8*$!
{
	archiveVersion = 1;
	classes = {
	};
	objectVersion = 55;
	objects = {

/* Begin PBXBuildFile section */
		849D6AA8283EC72800E0A4FC /* DemoTestApp.swift in Sources */ = {isa = PBXBuildFile; fileRef = 849D6AA7283EC72800E0A4FC /* DemoTestApp.swift */; };
		849D6AAA283EC72800E0A4FC /* ContentPageMoviesView.swift in Sources */ = {isa = PBXBuildFile; fileRef = 849D6AA9283EC72800E0A4FC /* ContentPageMoviesView.swift */; };
		849D6AAC283EC72A00E0A4FC /* Assets.xcassets in Resources */ = {isa = PBXBuildFile; fileRef = 849D6AAB283EC72A00E0A4FC /* Assets.xcassets */; };
		849D6AAF283EC72A00E0A4FC /* Preview Assets.xcassets in Resources */ = {isa = PBXBuildFile; fileRef = 849D6AAE283EC72A00E0A4FC /* Preview Assets.xcassets */; };
		849D6AB9283EC72A00E0A4FC /* DemoTestTests.swift in Sources */ = {isa = PBXBuildFile; fileRef = 849D6AB8283EC72A00E0A4FC /* DemoTestTests.swift */; };
		849D6AC3283EC72A00E0A4FC /* DemoTestUITests.swift in Sources */ = {isa = PBXBuildFile; fileRef = 849D6AC2283EC72A00E0A4FC /* DemoTestUITests.swift */; };
		849D6AC5283EC72A00E0A4FC /* DemoTestUITestsLaunchTests.swift in Sources */ = {isa = PBXBuildFile; fileRef = 849D6AC4283EC72A00E0A4FC /* DemoTestUITestsLaunchTests.swift */; };
		849D6AD2283EC7DD00E0A4FC /* NetworkManager.swift in Sources */ = {isa = PBXBuildFile; fileRef = 849D6AD1283EC7DD00E0A4FC /* NetworkManager.swift */; };
		849D6AD5283ED3F000E0A4FC /* NetworkManagerConstant.swift in Sources */ = {isa = PBXBuildFile; fileRef = 849D6AD4283ED3F000E0A4FC /* NetworkManagerConstant.swift */; };
		849D6ADC283F268A00E0A4FC /* MovieModel.swift in Sources */ = {isa = PBXBuildFile; fileRef = 849D6ADB283F268A00E0A4FC /* MovieModel.swift */; };
		849D6ADE283F2BF700E0A4FC /* MovieVewModel.swift in Sources */ = {isa = PBXBuildFile; fileRef = 849D6ADD283F2BF700E0A4FC /* MovieVewModel.swift */; };
		849D6AE0283F336A00E0A4FC /* MovieDetailsContentView.swift in Sources */ = {isa = PBXBuildFile; fileRef = 849D6ADF283F336A00E0A4FC /* MovieDetailsContentView.swift */; };
		849D6AE3283F382000E0A4FC /* CardCellView.swift in Sources */ = {isa = PBXBuildFile; fileRef = 849D6AE2283F382000E0A4FC /* CardCellView.swift */; };
		849D6AE5283F420B00E0A4FC /* MoviesViewConstant.swift in Sources */ = {isa = PBXBuildFile; fileRef = 849D6AE4283F420B00E0A4FC /* MoviesViewConstant.swift */; };
		84A04B8F2840514B009D6C23 /* MovieDetailsModel.swift in Sources */ = {isa = PBXBuildFile; fileRef = 84A04B8E2840514B009D6C23 /* MovieDetailsModel.swift */; };
		84A04B92284051AD009D6C23 /* MovieDetailsViewModel.swift in Sources */ = {isa = PBXBuildFile; fileRef = 84A04B91284051AD009D6C23 /* MovieDetailsViewModel.swift */; };
		84A04B9728405342009D6C23 /* NetworkManagerDetailsMovie.swift in Sources */ = {isa = PBXBuildFile; fileRef = 84A04B9628405342009D6C23 /* NetworkManagerDetailsMovie.swift */; };
		84A04B9928405955009D6C23 /* NetworkManagerDetailsConstant.swift in Sources */ = {isa = PBXBuildFile; fileRef = 84A04B9828405955009D6C23 /* NetworkManagerDetailsConstant.swift */; };
		84A04B9B28406DFE009D6C23 /* MoviesDetailsConstant.swift in Sources */ = {isa = PBXBuildFile; fileRef = 84A04B9A28406DFE009D6C23 /* MoviesDetailsConstant.swift */; };
		84A04B9D284081EF009D6C23 /* NetworkMoviesStub.swift in Sources */ = {isa = PBXBuildFile; fileRef = 84A04B9C284081EF009D6C23 /* NetworkMoviesStub.swift */; };
		84A04B9F284082CA009D6C23 /* NetworkDetailsStub.swift in Sources */ = {isa = PBXBuildFile; fileRef = 84A04B9E284082CA009D6C23 /* NetworkDetailsStub.swift */; };
/* End PBXBuildFile section */

/* Begin PBXContainerItemProxy section */
		849D6AB5283EC72A00E0A4FC /* PBXContainerItemProxy */ = {
			isa = PBXContainerItemProxy;
			containerPortal = 849D6A9C283EC72800E0A4FC /* Project object */;
			proxyType = 1;
			remoteGlobalIDString = 849D6AA3283EC72800E0A4FC;
			remoteInfo = DemoTest;
		};
		849D6ABF283EC72A00E0A4FC /* PBXContainerItemProxy */ = {
			isa = PBXContainerItemProxy;
			containerPortal = 849D6A9C283EC72800E0A4FC /* Project object */;
			proxyType = 1;
			remoteGlobalIDString = 849D6AA3283EC72800E0A4FC;
			remoteInfo = DemoTest;
		};
/* End PBXContainerItemProxy section */

/* Begin PBXFileReference section */
		849D6AA4283EC72800E0A4FC /* DemoTest.app */ = {isa = PBXFileReference; explicitFileType = wrapper.application; includeInIndex = 0; path = DemoTest.app; sourceTree = BUILT_PRODUCTS_DIR; };
		849D6AA7283EC72800E0A4FC /* DemoTestApp.swift */ = {isa = PBXFileReference; lastKnownFileType = sourcecode.swift; path = DemoTestApp.swift; sourceTree = "<group>"; };
		849D6AA9283EC72800E0A4FC /* ContentPageMoviesView.swift */ = {isa = PBXFileReference; lastKnownFileType = sourcecode.swift; path = ContentPageMoviesView.swift; sourceTree = "<group>"; };
		849D6AAB283EC72A00E0A4FC /* Assets.xcassets */ = {isa = PBXFileReference; lastKnownFileType = folder.assetcatalog; path = Assets.xcassets; sourceTree = "<group>"; };
		849D6AAE283EC72A00E0A4FC /* Preview Assets.xcassets */ = {isa = PBXFileReference; lastKnownFileType = folder.assetcatalog; path = "Preview Assets.xcassets"; sourceTree = "<group>"; };
		849D6AB4283EC72A00E0A4FC /* DemoTestTests.xctest */ = {isa = PBXFileReference; explicitFileType = wrapper.cfbundle; includeInIndex = 0; path = DemoTestTests.xctest; sourceTree = BUILT_PRODUCTS_DIR; };
		849D6AB8283EC72A00E0A4FC /* DemoTestTests.swift */ = {isa = PBXFileReference; lastKnownFileType = sourcecode.swift; path = DemoTestTests.swift; sourceTree = "<group>"; };
		849D6ABE283EC72A00E0A4FC /* DemoTestUITests.xctest */ = {isa = PBXFileReference; explicitFileType = wrapper.cfbundle; includeInIndex = 0; path = DemoTestUITests.xctest; sourceTree = BUILT_PRODUCTS_DIR; };
		849D6AC2283EC72A00E0A4FC /* DemoTestUITests.swift */ = {isa = PBXFileReference; lastKnownFileType = sourcecode.swift; path = DemoTestUITests.swift; sourceTree = "<group>"; };
		849D6AC4283EC72A00E0A4FC /* DemoTestUITestsLaunchTests.swift */ = {isa = PBXFileReference; lastKnownFileType = sourcecode.swift; path = DemoTestUITestsLaunchTests.swift; sourceTree = "<group>"; };
		849D6AD1283EC7DD00E0A4FC /* NetworkManager.swift */ = {isa = PBXFileReference; lastKnownFileType = sourcecode.swift; path = NetworkManager.swift; sourceTree = "<group>"; };
		849D6AD4283ED3F000E0A4FC /* NetworkManagerConstant.swift */ = {isa = PBXFileReference; lastKnownFileType = sourcecode.swift; path = NetworkManagerConstant.swift; sourceTree = "<group>"; };
		849D6ADB283F268A00E0A4FC /* MovieModel.swift */ = {isa = PBXFileReference; lastKnownFileType = sourcecode.swift; path = MovieModel.swift; sourceTree = "<group>"; };
		849D6ADD283F2BF700E0A4FC /* MovieVewModel.swift */ = {isa = PBXFileReference; lastKnownFileType = sourcecode.swift; path = MovieVewModel.swift; sourceTree = "<group>"; };
		849D6ADF283F336A00E0A4FC /* MovieDetailsContentView.swift */ = {isa = PBXFileReference; lastKnownFileType = sourcecode.swift; path = MovieDetailsContentView.swift; sourceTree = "<group>"; };
		849D6AE2283F382000E0A4FC /* CardCellView.swift */ = {isa = PBXFileReference; lastKnownFileType = sourcecode.swift; path = CardCellView.swift; sourceTree = "<group>"; };
		849D6AE4283F420B00E0A4FC /* MoviesViewConstant.swift */ = {isa = PBXFileReference; lastKnownFileType = sourcecode.swift; path = MoviesViewConstant.swift; sourceTree = "<group>"; };
		84A04B8E2840514B009D6C23 /* MovieDetailsModel.swift */ = {isa = PBXFileReference; lastKnownFileType = sourcecode.swift; path = MovieDetailsModel.swift; sourceTree = "<group>"; };
		84A04B91284051AD009D6C23 /* MovieDetailsViewModel.swift */ = {isa = PBXFileReference; lastKnownFileType = sourcecode.swift; path = MovieDetailsViewModel.swift; sourceTree = "<group>"; };
		84A04B9628405342009D6C23 /* NetworkManagerDetailsMovie.swift */ = {isa = PBXFileReference; lastKnownFileType = sourcecode.swift; path = NetworkManagerDetailsMovie.swift; sourceTree = "<group>"; };
		84A04B9828405955009D6C23 /* NetworkManagerDetailsConstant.swift */ = {isa = PBXFileReference; lastKnownFileType = sourcecode.swift; path = NetworkManagerDetailsConstant.swift; sourceTree = "<group>"; };
		84A04B9A28406DFE009D6C23 /* MoviesDetailsConstant.swift */ = {isa = PBXFileReference; lastKnownFileType = sourcecode.swift; path = MoviesDetailsConstant.swift; sourceTree = "<group>"; };
		84A04B9C284081EF009D6C23 /* NetworkMoviesStub.swift */ = {isa = PBXFileReference; lastKnownFileType = sourcecode.swift; path = NetworkMoviesStub.swift; sourceTree = "<group>"; };
		84A04B9E284082CA009D6C23 /* NetworkDetailsStub.swift */ = {isa = PBXFileReference; lastKnownFileType = sourcecode.swift; path = NetworkDetailsStub.swift; sourceTree = "<group>"; };
/* End PBXFileReference section */

/* Begin PBXFrameworksBuildPhase section */
		849D6AA1283EC72800E0A4FC /* Frameworks */ = {
			isa = PBXFrameworksBuildPhase;
			buildActionMask = 2147483647;
			files = (
			);
			runOnlyForDeploymentPostprocessing = 0;
		};
		849D6AB1283EC72A00E0A4FC /* Frameworks */ = {
			isa = PBXFrameworksBuildPhase;
			buildActionMask = 2147483647;
			files = (
			);
			runOnlyForDeploymentPostprocessing = 0;
		};
		849D6ABB283EC72A00E0A4FC /* Frameworks */ = {
			isa = PBXFrameworksBuildPhase;
			buildActionMask = 2147483647;
			files = (
			);
			runOnlyForDeploymentPostprocessing = 0;
		};
/* End PBXFrameworksBuildPhase section */

/* Begin PBXGroup section */
		849D6A9B283EC72800E0A4FC = {
			isa = PBXGroup;
			children = (
				849D6AA6283EC72800E0A4FC /* DemoTest */,
				849D6AB7283EC72A00E0A4FC /* DemoTestTests */,
				849D6AC1283EC72A00E0A4FC /* DemoTestUITests */,
				849D6AA5283EC72800E0A4FC /* Products */,
			);
			sourceTree = "<group>";
		};
		849D6AA5283EC72800E0A4FC /* Products */ = {
			isa = PBXGroup;
			children = (
				849D6AA4283EC72800E0A4FC /* DemoTest.app */,
				849D6AB4283EC72A00E0A4FC /* DemoTestTests.xctest */,
				849D6ABE283EC72A00E0A4FC /* DemoTestUITests.xctest */,
			);
			name = Products;
			sourceTree = "<group>";
		};
		849D6AA6283EC72800E0A4FC /* DemoTest */ = {
			isa = PBXGroup;
			children = (
				849D6AD3283ED3B700E0A4FC /* NetworkManager */,
				849D6ADA283F25ED00E0A4FC /* View */,
				849D6AD9283F25E000E0A4FC /* Model */,
				849D6AD8283F25D300E0A4FC /* ViewModel */,
				849D6AA7283EC72800E0A4FC /* DemoTestApp.swift */,
				849D6AAB283EC72A00E0A4FC /* Assets.xcassets */,
				849D6AAD283EC72A00E0A4FC /* Preview Content */,
			);
			path = DemoTest;
			sourceTree = "<group>";
		};
		849D6AAD283EC72A00E0A4FC /* Preview Content */ = {
			isa = PBXGroup;
			children = (
				849D6AAE283EC72A00E0A4FC /* Preview Assets.xcassets */,
			);
			path = "Preview Content";
			sourceTree = "<group>";
		};
		849D6AB7283EC72A00E0A4FC /* DemoTestTests */ = {
			isa = PBXGroup;
			children = (
				849D6AB8283EC72A00E0A4FC /* DemoTestTests.swift */,
				84A04B9C284081EF009D6C23 /* NetworkMoviesStub.swift */,
				84A04B9E284082CA009D6C23 /* NetworkDetailsStub.swift */,
			);
			path = DemoTestTests;
			sourceTree = "<group>";
		};
		849D6AC1283EC72A00E0A4FC /* DemoTestUITests */ = {
			isa = PBXGroup;
			children = (
				849D6AC2283EC72A00E0A4FC /* DemoTestUITests.swift */,
				849D6AC4283EC72A00E0A4FC /* DemoTestUITestsLaunchTests.swift */,
			);
			path = DemoTestUITests;
			sourceTree = "<group>";
		};
		849D6AD3283ED3B700E0A4FC /* NetworkManager */ = {
			isa = PBXGroup;
			children = (
				849D6AD1283EC7DD00E0A4FC /* NetworkManager.swift */,
				849D6AD4283ED3F000E0A4FC /* NetworkManagerConstant.swift */,
			);
			path = NetworkManager;
			sourceTree = "<group>";
		};
		849D6AD8283F25D300E0A4FC /* ViewModel */ = {
			isa = PBXGroup;
			children = (
				849D6ADD283F2BF700E0A4FC /* MovieVewModel.swift */,
			);
			path = ViewModel;
			sourceTree = "<group>";
		};
		849D6AD9283F25E000E0A4FC /* Model */ = {
			isa = PBXGroup;
			children = (
				849D6ADB283F268A00E0A4FC /* MovieModel.swift */,
				849D6AE4283F420B00E0A4FC /* MoviesViewConstant.swift */,
			);
			path = Model;
			sourceTree = "<group>";
		};
		849D6ADA283F25ED00E0A4FC /* View */ = {
			isa = PBXGroup;
			children = (
				849D6AA9283EC72800E0A4FC /* ContentPageMoviesView.swift */,
				84A04B8D284050F7009D6C23 /* DetailsMovie */,
				849D6AE1283F37F800E0A4FC /* CellView */,
			);
			path = View;
			sourceTree = "<group>";
		};
		849D6AE1283F37F800E0A4FC /* CellView */ = {
			isa = PBXGroup;
			children = (
				849D6AE2283F382000E0A4FC /* CardCellView.swift */,
			);
			path = CellView;
			sourceTree = "<group>";
		};
		84A04B8D284050F7009D6C23 /* DetailsMovie */ = {
			isa = PBXGroup;
			children = (
				84A04B95284052F4009D6C23 /* NetworkManager */,
				84A04B9328405280009D6C23 /* Model */,
				84A04B9428405295009D6C23 /* View */,
				84A04B902840517D009D6C23 /* ViewModel */,
			);
			path = DetailsMovie;
			sourceTree = "<group>";
		};
		84A04B902840517D009D6C23 /* ViewModel */ = {
			isa = PBXGroup;
			children = (
				84A04B91284051AD009D6C23 /* MovieDetailsViewModel.swift */,
			);
			path = ViewModel;
			sourceTree = "<group>";
		};
		84A04B9328405280009D6C23 /* Model */ = {
			isa = PBXGroup;
			children = (
				84A04B8E2840514B009D6C23 /* MovieDetailsModel.swift */,
				84A04B9A28406DFE009D6C23 /* MoviesDetailsConstant.swift */,
			);
			path = Model;
			sourceTree = "<group>";
		};
		84A04B9428405295009D6C23 /* View */ = {
			isa = PBXGroup;
			children = (
				849D6ADF283F336A00E0A4FC /* MovieDetailsContentView.swift */,
			);
			path = View;
			sourceTree = "<group>";
		};
		84A04B95284052F4009D6C23 /* NetworkManager */ = {
			isa = PBXGroup;
			children = (
				84A04B9628405342009D6C23 /* NetworkManagerDetailsMovie.swift */,
				84A04B9828405955009D6C23 /* NetworkManagerDetailsConstant.swift */,
			);
			path = NetworkManager;
			sourceTree = "<group>";
		};
/* End PBXGroup section */

/* Begin PBXNativeTarget section */
		849D6AA3283EC72800E0A4FC /* DemoTest */ = {
			isa = PBXNativeTarget;
			buildConfigurationList = 849D6AC8283EC72A00E0A4FC /* Build configuration list for PBXNativeTarget "DemoTest" */;
			buildPhases = (
				849D6AA0283EC72800E0A4FC /* Sources */,
				849D6AA1283EC72800E0A4FC /* Frameworks */,
				849D6AA2283EC72800E0A4FC /* Resources */,
			);
			buildRules = (
			);
			dependencies = (
			);
			name = DemoTest;
			packageProductDependencies = (
			);
			productName = DemoTest;
			productReference = 849D6AA4283EC72800E0A4FC /* DemoTest.app */;
			productType = "com.apple.product-type.application";
		};
		849D6AB3283EC72A00E0A4FC /* DemoTestTests */ = {
			isa = PBXNativeTarget;
			buildConfigurationList = 849D6ACB283EC72A00E0A4FC /* Build configuration list for PBXNativeTarget "DemoTestTests" */;
			buildPhases = (
				849D6AB0283EC72A00E0A4FC /* Sources */,
				849D6AB1283EC72A00E0A4FC /* Frameworks */,
				849D6AB2283EC72A00E0A4FC /* Resources */,
			);
			buildRules = (
			);
			dependencies = (
				849D6AB6283EC72A00E0A4FC /* PBXTargetDependency */,
			);
			name = DemoTestTests;
			productName = DemoTestTests;
			productReference = 849D6AB4283EC72A00E0A4FC /* DemoTestTests.xctest */;
			productType = "com.apple.product-type.bundle.unit-test";
		};
		849D6ABD283EC72A00E0A4FC /* DemoTestUITests */ = {
			isa = PBXNativeTarget;
			buildConfigurationList = 849D6ACE283EC72A00E0A4FC /* Build configuration list for PBXNativeTarget "DemoTestUITests" */;
			buildPhases = (
				849D6ABA283EC72A00E0A4FC /* Sources */,
				849D6ABB283EC72A00E0A4FC /* Frameworks */,
				849D6ABC283EC72A00E0A4FC /* Resources */,
			);
			buildRules = (
			);
			dependencies = (
				849D6AC0283EC72A00E0A4FC /* PBXTargetDependency */,
			);
			name = DemoTestUITests;
			productName = DemoTestUITests;
			productReference = 849D6ABE283EC72A00E0A4FC /* DemoTestUITests.xctest */;
			productType = "com.apple.product-type.bundle.ui-testing";
		};
/* End PBXNativeTarget section */

/* Begin PBXProject section */
		849D6A9C283EC72800E0A4FC /* Project object */ = {
			isa = PBXProject;
			attributes = {
				BuildIndependentTargetsInParallel = 1;
				LastSwiftUpdateCheck = 1340;
				LastUpgradeCheck = 1340;
				TargetAttributes = {
					849D6AA3283EC72800E0A4FC = {
						CreatedOnToolsVersion = 13.4;
					};
					849D6AB3283EC72A00E0A4FC = {
						CreatedOnToolsVersion = 13.4;
						TestTargetID = 849D6AA3283EC72800E0A4FC;
					};
					849D6ABD283EC72A00E0A4FC = {
						CreatedOnToolsVersion = 13.4;
						TestTargetID = 849D6AA3283EC72800E0A4FC;
					};
				};
			};
			buildConfigurationList = 849D6A9F283EC72800E0A4FC /* Build configuration list for PBXProject "DemoTest" */;
			compatibilityVersion = "Xcode 13.0";
			developmentRegion = en;
			hasScannedForEncodings = 0;
			knownRegions = (
				en,
				Base,
			);
			mainGroup = 849D6A9B283EC72800E0A4FC;
			packageReferences = (
			);
			productRefGroup = 849D6AA5283EC72800E0A4FC /* Products */;
			projectDirPath = "";
			projectRoot = "";
			targets = (
				849D6AA3283EC72800E0A4FC /* DemoTest */,
				849D6AB3283EC72A00E0A4FC /* DemoTestTests */,
				849D6ABD283EC72A00E0A4FC /* DemoTestUITests */,
			);
		};
/* End PBXProject section */

/* Begin PBXResourcesBuildPhase section */
		849D6AA2283EC72800E0A4FC /* Resources */ = {
			isa = PBXResourcesBuildPhase;
			buildActionMask = 2147483647;
			files = (
				849D6AAF283EC72A00E0A4FC /* Preview Assets.xcassets in Resources */,
				849D6AAC283EC72A00E0A4FC /* Assets.xcassets in Resources */,
			);
			runOnlyForDeploymentPostprocessing = 0;
		};
		849D6AB2283EC72A00E0A4FC /* Resources */ = {
			isa = PBXResourcesBuildPhase;
			buildActionMask = 2147483647;
			files = (
			);
			runOnlyForDeploymentPostprocessing = 0;
		};
		849D6ABC283EC72A00E0A4FC /* Resources */ = {
			isa = PBXResourcesBuildPhase;
			buildActionMask = 2147483647;
			files = (
			);
			runOnlyForDeploymentPostprocessing = 0;
		};
/* End PBXResourcesBuildPhase section */

/* Begin PBXSourcesBuildPhase section */
		849D6AA0283EC72800E0A4FC /* Sources */ = {
			isa = PBXSourcesBuildPhase;
			buildActionMask = 2147483647;
			files = (
				849D6AD2283EC7DD00E0A4FC /* NetworkManager.swift in Sources */,
				84A04B8F2840514B009D6C23 /* MovieDetailsModel.swift in Sources */,
				849D6AAA283EC72800E0A4FC /* ContentPageMoviesView.swift in Sources */,
				849D6AE3283F382000E0A4FC /* CardCellView.swift in Sources */,
				849D6ADC283F268A00E0A4FC /* MovieModel.swift in Sources */,
				84A04B9B28406DFE009D6C23 /* MoviesDetailsConstant.swift in Sources */,
				84A04B92284051AD009D6C23 /* MovieDetailsViewModel.swift in Sources */,
				849D6AE0283F336A00E0A4FC /* MovieDetailsContentView.swift in Sources */,
				849D6ADE283F2BF700E0A4FC /* MovieVewModel.swift in Sources */,
				84A04B9728405342009D6C23 /* NetworkManagerDetailsMovie.swift in Sources */,
				849D6AD5283ED3F000E0A4FC /* NetworkManagerConstant.swift in Sources */,
				849D6AA8283EC72800E0A4FC /* DemoTestApp.swift in Sources */,
				84A04B9928405955009D6C23 /* NetworkManagerDetailsConstant.swift in Sources */,
				849D6AE5283F420B00E0A4FC /* MoviesViewConstant.swift in Sources */,
			);
			runOnlyForDeploymentPostprocessing = 0;
		};
		849D6AB0283EC72A00E0A4FC /* Sources */ = {
			isa = PBXSourcesBuildPhase;
			buildActionMask = 2147483647;
			files = (
				849D6AB9283EC72A00E0A4FC /* DemoTestTests.swift in Sources */,
				84A04B9F284082CA009D6C23 /* NetworkDetailsStub.swift in Sources */,
				84A04B9D284081EF009D6C23 /* NetworkMoviesStub.swift in Sources */,
			);
			runOnlyForDeploymentPostprocessing = 0;
		};
		849D6ABA283EC72A00E0A4FC /* Sources */ = {
			isa = PBXSourcesBuildPhase;
			buildActionMask = 2147483647;
			files = (
				849D6AC5283EC72A00E0A4FC /* DemoTestUITestsLaunchTests.swift in Sources */,
				849D6AC3283EC72A00E0A4FC /* DemoTestUITests.swift in Sources */,
			);
			runOnlyForDeploymentPostprocessing = 0;
		};
/* End PBXSourcesBuildPhase section */

/* Begin PBXTargetDependency section */
		849D6AB6283EC72A00E0A4FC /* PBXTargetDependency */ = {
			isa = PBXTargetDependency;
			target = 849D6AA3283EC72800E0A4FC /* DemoTest */;
			targetProxy = 849D6AB5283EC72A00E0A4FC /* PBXContainerItemProxy */;
		};
		849D6AC0283EC72A00E0A4FC /* PBXTargetDependency */ = {
			isa = PBXTargetDependency;
			target = 849D6AA3283EC72800E0A4FC /* DemoTest */;
			targetProxy = 849D6ABF283EC72A00E0A4FC /* PBXContainerItemProxy */;
		};
/* End PBXTargetDependency section */

/* Begin XCBuildConfiguration section */
		849D6AC6283EC72A00E0A4FC /* Debug */ = {
			isa = XCBuildConfiguration;
			buildSettings = {
				ALWAYS_SEARCH_USER_PATHS = NO;
				CLANG_ANALYZER_NONNULL = YES;
				CLANG_ANALYZER_NUMBER_OBJECT_CONVERSION = YES_AGGRESSIVE;
				CLANG_CXX_LANGUAGE_STANDARD = "gnu++17";
				CLANG_ENABLE_MODULES = YES;
				CLANG_ENABLE_OBJC_ARC = YES;
				CLANG_ENABLE_OBJC_WEAK = YES;
				CLANG_WARN_BLOCK_CAPTURE_AUTORELEASING = YES;
				CLANG_WARN_BOOL_CONVERSION = YES;
				CLANG_WARN_COMMA = YES;
				CLANG_WARN_CONSTANT_CONVERSION = YES;
				CLANG_WARN_DEPRECATED_OBJC_IMPLEMENTATIONS = YES;
				CLANG_WARN_DIRECT_OBJC_ISA_USAGE = YES_ERROR;
				CLANG_WARN_DOCUMENTATION_COMMENTS = YES;
				CLANG_WARN_EMPTY_BODY = YES;
				CLANG_WARN_ENUM_CONVERSION = YES;
				CLANG_WARN_INFINITE_RECURSION = YES;
				CLANG_WARN_INT_CONVERSION = YES;
				CLANG_WARN_NON_LITERAL_NULL_CONVERSION = YES;
				CLANG_WARN_OBJC_IMPLICIT_RETAIN_SELF = YES;
				CLANG_WARN_OBJC_LITERAL_CONVERSION = YES;
				CLANG_WARN_OBJC_ROOT_CLASS = YES_ERROR;
				CLANG_WARN_QUOTED_INCLUDE_IN_FRAMEWORK_HEADER = YES;
				CLANG_WARN_RANGE_LOOP_ANALYSIS = YES;
				CLANG_WARN_STRICT_PROTOTYPES = YES;
				CLANG_WARN_SUSPICIOUS_MOVE = YES;
				CLANG_WARN_UNGUARDED_AVAILABILITY = YES_AGGRESSIVE;
				CLANG_WARN_UNREACHABLE_CODE = YES;
				CLANG_WARN__DUPLICATE_METHOD_MATCH = YES;
				COPY_PHASE_STRIP = NO;
				DEBUG_INFORMATION_FORMAT = dwarf;
				ENABLE_STRICT_OBJC_MSGSEND = YES;
				ENABLE_TESTABILITY = YES;
				GCC_C_LANGUAGE_STANDARD = gnu11;
				GCC_DYNAMIC_NO_PIC = NO;
				GCC_NO_COMMON_BLOCKS = YES;
				GCC_OPTIMIZATION_LEVEL = 0;
				GCC_PREPROCESSOR_DEFINITIONS = (
					"DEBUG=1",
					"$(inherited)",
				);
				GCC_WARN_64_TO_32_BIT_CONVERSION = YES;
				GCC_WARN_ABOUT_RETURN_TYPE = YES_ERROR;
				GCC_WARN_UNDECLARED_SELECTOR = YES;
				GCC_WARN_UNINITIALIZED_AUTOS = YES_AGGRESSIVE;
				GCC_WARN_UNUSED_FUNCTION = YES;
				GCC_WARN_UNUSED_VARIABLE = YES;
				IPHONEOS_DEPLOYMENT_TARGET = 15.5;
				MTL_ENABLE_DEBUG_INFO = INCLUDE_SOURCE;
				MTL_FAST_MATH = YES;
				ONLY_ACTIVE_ARCH = YES;
				SDKROOT = iphoneos;
				SWIFT_ACTIVE_COMPILATION_CONDITIONS = DEBUG;
				SWIFT_OPTIMIZATION_LEVEL = "-Onone";
			};
			name = Debug;
		};
		849D6AC7283EC72A00E0A4FC /* Release */ = {
			isa = XCBuildConfiguration;
			buildSettings = {
				ALWAYS_SEARCH_USER_PATHS = NO;
				CLANG_ANALYZER_NONNULL = YES;
				CLANG_ANALYZER_NUMBER_OBJECT_CONVERSION = YES_AGGRESSIVE;
				CLANG_CXX_LANGUAGE_STANDARD = "gnu++17";
				CLANG_ENABLE_MODULES = YES;
				CLANG_ENABLE_OBJC_ARC = YES;
				CLANG_ENABLE_OBJC_WEAK = YES;
				CLANG_WARN_BLOCK_CAPTURE_AUTORELEASING = YES;
				CLANG_WARN_BOOL_CONVERSION = YES;
				CLANG_WARN_COMMA = YES;
				CLANG_WARN_CONSTANT_CONVERSION = YES;
				CLANG_WARN_DEPRECATED_OBJC_IMPLEMENTATIONS = YES;
				CLANG_WARN_DIRECT_OBJC_ISA_USAGE = YES_ERROR;
				CLANG_WARN_DOCUMENTATION_COMMENTS = YES;
				CLANG_WARN_EMPTY_BODY = YES;
				CLANG_WARN_ENUM_CONVERSION = YES;
				CLANG_WARN_INFINITE_RECURSION = YES;
				CLANG_WARN_INT_CONVERSION = YES;
				CLANG_WARN_NON_LITERAL_NULL_CONVERSION = YES;
				CLANG_WARN_OBJC_IMPLICIT_RETAIN_SELF = YES;
				CLANG_WARN_OBJC_LITERAL_CONVERSION = YES;
				CLANG_WARN_OBJC_ROOT_CLASS = YES_ERROR;
				CLANG_WARN_QUOTED_INCLUDE_IN_FRAMEWORK_HEADER = YES;
				CLANG_WARN_RANGE_LOOP_ANALYSIS = YES;
				CLANG_WARN_STRICT_PROTOTYPES = YES;
				CLANG_WARN_SUSPICIOUS_MOVE = YES;
				CLANG_WARN_UNGUARDED_AVAILABILITY = YES_AGGRESSIVE;
				CLANG_WARN_UNREACHABLE_CODE = YES;
				CLANG_WARN__DUPLICATE_METHOD_MATCH = YES;
				COPY_PHASE_STRIP = NO;
				DEBUG_INFORMATION_FORMAT = "dwarf-with-dsym";
				ENABLE_NS_ASSERTIONS = NO;
				ENABLE_STRICT_OBJC_MSGSEND = YES;
				GCC_C_LANGUAGE_STANDARD = gnu11;
				GCC_NO_COMMON_BLOCKS = YES;
				GCC_WARN_64_TO_32_BIT_CONVERSION = YES;
				GCC_WARN_ABOUT_RETURN_TYPE = YES_ERROR;
				GCC_WARN_UNDECLARED_SELECTOR = YES;
				GCC_WARN_UNINITIALIZED_AUTOS = YES_AGGRESSIVE;
				GCC_WARN_UNUSED_FUNCTION = YES;
				GCC_WARN_UNUSED_VARIABLE = YES;
				IPHONEOS_DEPLOYMENT_TARGET = 15.5;
				MTL_ENABLE_DEBUG_INFO = NO;
				MTL_FAST_MATH = YES;
				SDKROOT = iphoneos;
				SWIFT_COMPILATION_MODE = wholemodule;
				SWIFT_OPTIMIZATION_LEVEL = "-O";
				VALIDATE_PRODUCT = YES;
			};
			name = Release;
		};
		849D6AC9283EC72A00E0A4FC /* Debug */ = {
			isa = XCBuildConfiguration;
			buildSettings = {
				ASSETCATALOG_COMPILER_APPICON_NAME = AppIcon;
				ASSETCATALOG_COMPILER_GLOBAL_ACCENT_COLOR_NAME = AccentColor;
				CODE_SIGN_STYLE = Automatic;
				CURRENT_PROJECT_VERSION = 1;
				DEVELOPMENT_ASSET_PATHS = "\"DemoTest/Preview Content\"";
				DEVELOPMENT_TEAM = A5ZR9K7CQW;
				ENABLE_PREVIEWS = YES;
				GENERATE_INFOPLIST_FILE = YES;
				INFOPLIST_KEY_UIApplicationSceneManifest_Generation = YES;
				INFOPLIST_KEY_UIApplicationSupportsIndirectInputEvents = YES;
				INFOPLIST_KEY_UILaunchScreen_Generation = YES;
				INFOPLIST_KEY_UISupportedInterfaceOrientations_iPad = "UIInterfaceOrientationPortrait UIInterfaceOrientationPortraitUpsideDown UIInterfaceOrientationLandscapeLeft UIInterfaceOrientationLandscapeRight";
				INFOPLIST_KEY_UISupportedInterfaceOrientations_iPhone = "UIInterfaceOrientationPortrait UIInterfaceOrientationLandscapeLeft UIInterfaceOrientationLandscapeRight";
				LD_RUNPATH_SEARCH_PATHS = (
					"$(inherited)",
					"@executable_path/Frameworks",
				);
				MARKETING_VERSION = 1.0;
				PRODUCT_BUNDLE_IDENTIFIER = com.dahyanna.DemoTest;
				PRODUCT_NAME = "$(TARGET_NAME)";
				SWIFT_EMIT_LOC_STRINGS = YES;
				SWIFT_VERSION = 5.0;
				TARGETED_DEVICE_FAMILY = "1,2";
			};
			name = Debug;
		};
		849D6ACA283EC72A00E0A4FC /* Release */ = {
			isa = XCBuildConfiguration;
			buildSettings = {
				ASSETCATALOG_COMPILER_APPICON_NAME = AppIcon;
				ASSETCATALOG_COMPILER_GLOBAL_ACCENT_COLOR_NAME = AccentColor;
				CODE_SIGN_STYLE = Automatic;
				CURRENT_PROJECT_VERSION = 1;
				DEVELOPMENT_ASSET_PATHS = "\"DemoTest/Preview Content\"";
				DEVELOPMENT_TEAM = A5ZR9K7CQW;
				ENABLE_PREVIEWS = YES;
				GENERATE_INFOPLIST_FILE = YES;
				INFOPLIST_KEY_UIApplicationSceneManifest_Generation = YES;
				INFOPLIST_KEY_UIApplicationSupportsIndirectInputEvents = YES;
				INFOPLIST_KEY_UILaunchScreen_Generation = YES;
				INFOPLIST_KEY_UISupportedInterfaceOrientations_iPad = "UIInterfaceOrientationPortrait UIInterfaceOrientationPortraitUpsideDown UIInterfaceOrientationLandscapeLeft UIInterfaceOrientationLandscapeRight";
				INFOPLIST_KEY_UISupportedInterfaceOrientations_iPhone = "UIInterfaceOrientationPortrait UIInterfaceOrientationLandscapeLeft UIInterfaceOrientationLandscapeRight";
				LD_RUNPATH_SEARCH_PATHS = (
					"$(inherited)",
					"@executable_path/Frameworks",
				);
				MARKETING_VERSION = 1.0;
				PRODUCT_BUNDLE_IDENTIFIER = com.dahyanna.DemoTest;
				PRODUCT_NAME = "$(TARGET_NAME)";
				SWIFT_EMIT_LOC_STRINGS = YES;
				SWIFT_VERSION = 5.0;
				TARGETED_DEVICE_FAMILY = "1,2";
			};
			name = Release;
		};
		849D6ACC283EC72A00E0A4FC /* Debug */ = {
			isa = XCBuildConfiguration;
			buildSettings = {
				ALWAYS_EMBED_SWIFT_STANDARD_LIBRARIES = YES;
				BUNDLE_LOADER = "$(TEST_HOST)";
				CODE_SIGN_STYLE = Automatic;
				CURRENT_PROJECT_VERSION = 1;
				DEVELOPMENT_TEAM = A5ZR9K7CQW;
				GENERATE_INFOPLIST_FILE = YES;
				IPHONEOS_DEPLOYMENT_TARGET = 15.5;
				MARKETING_VERSION = 1.0;
				PRODUCT_BUNDLE_IDENTIFIER = com.dahyanna.DemoTestTests;
				PRODUCT_NAME = "$(TARGET_NAME)";
				SWIFT_EMIT_LOC_STRINGS = NO;
				SWIFT_VERSION = 5.0;
				TARGETED_DEVICE_FAMILY = "1,2";
				TEST_HOST = "$(BUILT_PRODUCTS_DIR)/DemoTest.app/DemoTest";
			};
			name = Debug;
		};
		849D6ACD283EC72A00E0A4FC /* Release */ = {
			isa = XCBuildConfiguration;
			buildSettings = {
				ALWAYS_EMBED_SWIFT_STANDARD_LIBRARIES = YES;
				BUNDLE_LOADER = "$(TEST_HOST)";
				CODE_SIGN_STYLE = Automatic;
				CURRENT_PROJECT_VERSION = 1;
				DEVELOPMENT_TEAM = A5ZR9K7CQW;
				GENERATE_INFOPLIST_FILE = YES;
				IPHONEOS_DEPLOYMENT_TARGET = 15.5;
				MARKETING_VERSION = 1.0;
				PRODUCT_BUNDLE_IDENTIFIER = com.dahyanna.DemoTestTests;
				PRODUCT_NAME = "$(TARGET_NAME)";
				SWIFT_EMIT_LOC_STRINGS = NO;
				SWIFT_VERSION = 5.0;
				TARGETED_DEVICE_FAMILY = "1,2";
				TEST_HOST = "$(BUILT_PRODUCTS_DIR)/DemoTest.app/DemoTest";
			};
			name = Release;
		};
		849D6ACF283EC72A00E0A4FC /* Debug */ = {
			isa = XCBuildConfiguration;
			buildSettings = {
				ALWAYS_EMBED_SWIFT_STANDARD_LIBRARIES = YES;
				CODE_SIGN_STYLE = Automatic;
				CURRENT_PROJECT_VERSION = 1;
				DEVELOPMENT_TEAM = A5ZR9K7CQW;
				GENERATE_INFOPLIST_FILE = YES;
				MARKETING_VERSION = 1.0;
				PRODUCT_BUNDLE_IDENTIFIER = com.dahyanna.DemoTestUITests;
				PRODUCT_NAME = "$(TARGET_NAME)";
				SWIFT_EMIT_LOC_STRINGS = NO;
				SWIFT_VERSION = 5.0;
				TARGETED_DEVICE_FAMILY = "1,2";
				TEST_TARGET_NAME = DemoTest;
			};
			name = Debug;
		};
		849D6AD0283EC72A00E0A4FC /* Release */ = {
			isa = XCBuildConfiguration;
			buildSettings = {
				ALWAYS_EMBED_SWIFT_STANDARD_LIBRARIES = YES;
				CODE_SIGN_STYLE = Automatic;
				CURRENT_PROJECT_VERSION = 1;
				DEVELOPMENT_TEAM = A5ZR9K7CQW;
				GENERATE_INFOPLIST_FILE = YES;
				MARKETING_VERSION = 1.0;
				PRODUCT_BUNDLE_IDENTIFIER = com.dahyanna.DemoTestUITests;
				PRODUCT_NAME = "$(TARGET_NAME)";
				SWIFT_EMIT_LOC_STRINGS = NO;
				SWIFT_VERSION = 5.0;
				TARGETED_DEVICE_FAMILY = "1,2";
				TEST_TARGET_NAME = DemoTest;
			};
			name = Release;
		};
/* End XCBuildConfiguration section */

/* Begin XCConfigurationList section */
		849D6A9F283EC72800E0A4FC /* Build configuration list for PBXProject "DemoTest" */ = {
			isa = XCConfigurationList;
			buildConfigurations = (
				849D6AC6283EC72A00E0A4FC /* Debug */,
				849D6AC7283EC72A00E0A4FC /* Release */,
			);
			defaultConfigurationIsVisible = 0;
			defaultConfigurationName = Release;
		};
		849D6AC8283EC72A00E0A4FC /* Build configuration list for PBXNativeTarget "DemoTest" */ = {
			isa = XCConfigurationList;
			buildConfigurations = (
				849D6AC9283EC72A00E0A4FC /* Debug */,
				849D6ACA283EC72A00E0A4FC /* Release */,
			);
			defaultConfigurationIsVisible = 0;
			defaultConfigurationName = Release;
		};
		849D6ACB283EC72A00E0A4FC /* Build configuration list for PBXNativeTarget "DemoTestTests" */ = {
			isa = XCConfigurationList;
			buildConfigurations = (
				849D6ACC283EC72A00E0A4FC /* Debug */,
				849D6ACD283EC72A00E0A4FC /* Release */,
			);
			defaultConfigurationIsVisible = 0;
			defaultConfigurationName = Release;
		};
		849D6ACE283EC72A00E0A4FC /* Build configuration list for PBXNativeTarget "DemoTestUITests" */ = {
			isa = XCConfigurationList;
			buildConfigurations = (
				849D6ACF283EC72A00E0A4FC /* Debug */,
				849D6AD0283EC72A00E0A4FC /* Release */,
			);
			defaultConfigurationIsVisible = 0;
			defaultConfigurationName = Release;
		};
/* End XCConfigurationList section */
	};
	rootObject = 849D6A9C283EC72800E0A4FC /* Project object */;
}
